
Microsoft Visual Studio Solution File, Format Version 12.00
# Visual Studio Version 16
VisualStudioVersion = 16.0.30907.101
MinimumVisualStudioVersion = 10.0.40219.1
Project("{FAE04EC0-301F-11D3-BF4B-00C04F79EFBC}") = "SignGen", "SignGen\SignGen.csproj", "{CCE8D148-128B-4617-AB04-C2528A907B73}"
EndProject
Project("{FAE04EC0-301F-11D3-BF4B-00C04F79EFBC}") = "SignGen.Tests", "SignGen.Tests\SignGen.Tests.csproj", "{80E62ED1-9143-4E1D-8F19-2CE600B402BF}"
EndProject
Project("{FAE04EC0-301F-11D3-BF4B-00C04F79EFBC}") = "SignGen.Library", "SignGen.Library\SignGen.Library.csproj", "{29BCB8F0-53AB-4B3F-8387-68549253135A}"
EndProject
Global
	GlobalSection(SolutionConfigurationPlatforms) = preSolution
		Debug|Any CPU = Debug|Any CPU
		Release|Any CPU = Release|Any CPU
	EndGlobalSection
	GlobalSection(ProjectConfigurationPlatforms) = postSolution
		{CCE8D148-128B-4617-AB04-C2528A907B73}.Debug|Any CPU.ActiveCfg = Debug|Any CPU
		{CCE8D148-128B-4617-AB04-C2528A907B73}.Debug|Any CPU.Build.0 = Debug|Any CPU
		{CCE8D148-128B-4617-AB04-C2528A907B73}.Release|Any CPU.ActiveCfg = Release|Any CPU
		{CCE8D148-128B-4617-AB04-C2528A907B73}.Release|Any CPU.Build.0 = Release|Any CPU
		{80E62ED1-9143-4E1D-8F19-2CE600B402BF}.Debug|Any CPU.ActiveCfg = Debug|Any CPU
		{80E62ED1-9143-4E1D-8F19-2CE600B402BF}.Debug|Any CPU.Build.0 = Debug|Any CPU
		{80E62ED1-9143-4E1D-8F19-2CE600B402BF}.Release|Any CPU.ActiveCfg = Release|Any CPU
		{80E62ED1-9143-4E1D-8F19-2CE600B402BF}.Release|Any CPU.Build.0 = Release|Any CPU
		{29BCB8F0-53AB-4B3F-8387-68549253135A}.Debug|Any CPU.ActiveCfg = Debug|Any CPU
		{29BCB8F0-53AB-4B3F-8387-68549253135A}.Debug|Any CPU.Build.0 = Debug|Any CPU
		{29BCB8F0-53AB-4B3F-8387-68549253135A}.Release|Any CPU.ActiveCfg = Release|Any CPU
		{29BCB8F0-53AB-4B3F-8387-68549253135A}.Release|Any CPU.Build.0 = Release|Any CPU
	EndGlobalSection
	GlobalSection(SolutionProperties) = preSolution
		HideSolutionNode = FALSE
	EndGlobalSection
	GlobalSection(ExtensibilityGlobals) = postSolution
		SolutionGuid = {189CEC10-0BC2-4F74-B141-0321AFD6082A}
	EndGlobalSection
EndGlobal
