
Microsoft Visual Studio Solution File, Format Version 12.00
# Visual Studio Version 17
VisualStudioVersion = 17.0.32014.148
MinimumVisualStudioVersion = 10.0.40219.1
Project("{9A19103F-16F7-4668-BE54-9A1E7A4F7556}") = "SignGen", "src\SignGen\SignGen.csproj", "{1CE77227-3132-4BCC-BAC7-D88F4BF3D7DD}"
EndProject
Project("{9A19103F-16F7-4668-BE54-9A1E7A4F7556}") = "SignGen.MultithreadExecution", "src\SignGen.MultithreadExecution\SignGen.MultithreadExecution.csproj", "{7DEA1E0F-3D91-48D4-BCAA-2B1739394EC2}"
EndProject
Project("{9A19103F-16F7-4668-BE54-9A1E7A4F7556}") = "SignGen.Demo", "samples\SignGen.Demo\SignGen.Demo.csproj", "{FDB9F009-FD65-461F-A5A3-C24313FBD3E3}"
EndProject
Project("{9A19103F-16F7-4668-BE54-9A1E7A4F7556}") = "SignGen.Tests", "tests\SignGen.Tests\SignGen.Tests.csproj", "{79A8DAEE-4F7D-4637-ACC5-EE5C1EF3E9C3}"
EndProject
Project("{9A19103F-16F7-4668-BE54-9A1E7A4F7556}") = "SignGen.Tests.MultithreadExecution", "tests\SignGen.Tests.MultithreadExecution\SignGen.Tests.MultithreadExecution.csproj", "{1DD8FADE-83F6-4FF3-842F-2B1EBFEB1BA1}"
EndProject
Project("{2150E333-8FDC-42A3-9474-1A3956D46DE8}") = "src", "src", "{F607D2D9-E00D-421E-94D0-A01EE6207915}"
EndProject
Project("{2150E333-8FDC-42A3-9474-1A3956D46DE8}") = "samples", "samples", "{6C9ACE46-AC75-4717-B19A-66AE486A8F9A}"
EndProject
Project("{2150E333-8FDC-42A3-9474-1A3956D46DE8}") = "tests", "tests", "{9E11FF24-6B02-4F98-8BDC-D40DDBD39858}"
EndProject
Project("{2150E333-8FDC-42A3-9474-1A3956D46DE8}") = "Solution Items", "Solution Items", "{6D63D8D5-C31C-4C9F-B00D-F8B309B12BBC}"
	ProjectSection(SolutionItems) = preProject
		.gitattributes = .gitattributes
		.gitignore = .gitignore
		README.md = README.md
	EndProjectSection
EndProject
Global
	GlobalSection(SolutionConfigurationPlatforms) = preSolution
		Debug|Any CPU = Debug|Any CPU
		Release|Any CPU = Release|Any CPU
	EndGlobalSection
	GlobalSection(ProjectConfigurationPlatforms) = postSolution
		{1CE77227-3132-4BCC-BAC7-D88F4BF3D7DD}.Debug|Any CPU.ActiveCfg = Debug|Any CPU
		{1CE77227-3132-4BCC-BAC7-D88F4BF3D7DD}.Debug|Any CPU.Build.0 = Debug|Any CPU
		{1CE77227-3132-4BCC-BAC7-D88F4BF3D7DD}.Release|Any CPU.ActiveCfg = Release|Any CPU
		{1CE77227-3132-4BCC-BAC7-D88F4BF3D7DD}.Release|Any CPU.Build.0 = Release|Any CPU
		{7DEA1E0F-3D91-48D4-BCAA-2B1739394EC2}.Debug|Any CPU.ActiveCfg = Debug|Any CPU
		{7DEA1E0F-3D91-48D4-BCAA-2B1739394EC2}.Debug|Any CPU.Build.0 = Debug|Any CPU
		{7DEA1E0F-3D91-48D4-BCAA-2B1739394EC2}.Release|Any CPU.ActiveCfg = Release|Any CPU
		{7DEA1E0F-3D91-48D4-BCAA-2B1739394EC2}.Release|Any CPU.Build.0 = Release|Any CPU
		{FDB9F009-FD65-461F-A5A3-C24313FBD3E3}.Debug|Any CPU.ActiveCfg = Debug|Any CPU
		{FDB9F009-FD65-461F-A5A3-C24313FBD3E3}.Debug|Any CPU.Build.0 = Debug|Any CPU
		{FDB9F009-FD65-461F-A5A3-C24313FBD3E3}.Release|Any CPU.ActiveCfg = Release|Any CPU
		{FDB9F009-FD65-461F-A5A3-C24313FBD3E3}.Release|Any CPU.Build.0 = Release|Any CPU
		{79A8DAEE-4F7D-4637-ACC5-EE5C1EF3E9C3}.Debug|Any CPU.ActiveCfg = Debug|Any CPU
		{79A8DAEE-4F7D-4637-ACC5-EE5C1EF3E9C3}.Debug|Any CPU.Build.0 = Debug|Any CPU
		{79A8DAEE-4F7D-4637-ACC5-EE5C1EF3E9C3}.Release|Any CPU.ActiveCfg = Release|Any CPU
		{79A8DAEE-4F7D-4637-ACC5-EE5C1EF3E9C3}.Release|Any CPU.Build.0 = Release|Any CPU
		{1DD8FADE-83F6-4FF3-842F-2B1EBFEB1BA1}.Debug|Any CPU.ActiveCfg = Debug|Any CPU
		{1DD8FADE-83F6-4FF3-842F-2B1EBFEB1BA1}.Debug|Any CPU.Build.0 = Debug|Any CPU
		{1DD8FADE-83F6-4FF3-842F-2B1EBFEB1BA1}.Release|Any CPU.ActiveCfg = Release|Any CPU
		{1DD8FADE-83F6-4FF3-842F-2B1EBFEB1BA1}.Release|Any CPU.Build.0 = Release|Any CPU
	EndGlobalSection
	GlobalSection(SolutionProperties) = preSolution
		HideSolutionNode = FALSE
	EndGlobalSection
	GlobalSection(NestedProjects) = preSolution
		{1CE77227-3132-4BCC-BAC7-D88F4BF3D7DD} = {F607D2D9-E00D-421E-94D0-A01EE6207915}
		{7DEA1E0F-3D91-48D4-BCAA-2B1739394EC2} = {F607D2D9-E00D-421E-94D0-A01EE6207915}
		{FDB9F009-FD65-461F-A5A3-C24313FBD3E3} = {6C9ACE46-AC75-4717-B19A-66AE486A8F9A}
		{79A8DAEE-4F7D-4637-ACC5-EE5C1EF3E9C3} = {9E11FF24-6B02-4F98-8BDC-D40DDBD39858}
		{1DD8FADE-83F6-4FF3-842F-2B1EBFEB1BA1} = {9E11FF24-6B02-4F98-8BDC-D40DDBD39858}
	EndGlobalSection
	GlobalSection(ExtensibilityGlobals) = postSolution
		SolutionGuid = {189CEC10-0BC2-4F74-B141-0321AFD6082A}
	EndGlobalSection
EndGlobal
