
Microsoft Visual Studio Solution File, Format Version 12.00
# Visual Studio Version 17
VisualStudioVersion = 17.0.32014.148
MinimumVisualStudioVersion = 10.0.40219.1
Project("{9A19103F-16F7-4668-BE54-9A1E7A4F7556}") = "SignGen.Demo", "SignGen.Demo\SignGen.Demo.csproj", "{CCE8D148-128B-4617-AB04-C2528A907B73}"
EndProject
Project("{9A19103F-16F7-4668-BE54-9A1E7A4F7556}") = "SignGen.Tests", "SignGen.Tests\SignGen.Tests.csproj", "{80E62ED1-9143-4E1D-8F19-2CE600B402BF}"
EndProject
Project("{9A19103F-16F7-4668-BE54-9A1E7A4F7556}") = "SignGen", "SignGen\SignGen.csproj", "{60B3338B-871C-4824-B0BB-F7C20C6494B3}"
EndProject
Project("{9A19103F-16F7-4668-BE54-9A1E7A4F7556}") = "SignGen.ThreadJuggler", "SignGen.ThreadJuggler\SignGen.ThreadJuggler.csproj", "{EDC485F9-46F6-4C3A-A4E6-16703C802254}"
EndProject
Project("{2150E333-8FDC-42A3-9474-1A3956D46DE8}") = "src", "src", "{CD29BBFD-154B-4966-BBBB-4585EFE1175C}"
EndProject
Project("{2150E333-8FDC-42A3-9474-1A3956D46DE8}") = "tests", "tests", "{3C195969-B0B7-4373-BEA7-99BB1127F749}"
EndProject
Project("{FAE04EC0-301F-11D3-BF4B-00C04F79EFBC}") = "SignGen.Tests.ThreadJuggler", "SignGen.Tests.ThreadJuggler\SignGen.Tests.ThreadJuggler.csproj", "{749F3808-B5D7-4B37-ABD8-B4D16D7CDC5A}"
EndProject
Global
	GlobalSection(SolutionConfigurationPlatforms) = preSolution
		Debug|Any CPU = Debug|Any CPU
		Release|Any CPU = Release|Any CPU
	EndGlobalSection
	GlobalSection(ProjectConfigurationPlatforms) = postSolution
		{CCE8D148-128B-4617-AB04-C2528A907B73}.Debug|Any CPU.ActiveCfg = Debug|Any CPU
		{CCE8D148-128B-4617-AB04-C2528A907B73}.Debug|Any CPU.Build.0 = Debug|Any CPU
		{CCE8D148-128B-4617-AB04-C2528A907B73}.Release|Any CPU.ActiveCfg = Release|Any CPU
		{CCE8D148-128B-4617-AB04-C2528A907B73}.Release|Any CPU.Build.0 = Release|Any CPU
		{80E62ED1-9143-4E1D-8F19-2CE600B402BF}.Debug|Any CPU.ActiveCfg = Debug|Any CPU
		{80E62ED1-9143-4E1D-8F19-2CE600B402BF}.Debug|Any CPU.Build.0 = Debug|Any CPU
		{80E62ED1-9143-4E1D-8F19-2CE600B402BF}.Release|Any CPU.ActiveCfg = Release|Any CPU
		{80E62ED1-9143-4E1D-8F19-2CE600B402BF}.Release|Any CPU.Build.0 = Release|Any CPU
		{60B3338B-871C-4824-B0BB-F7C20C6494B3}.Debug|Any CPU.ActiveCfg = Debug|Any CPU
		{60B3338B-871C-4824-B0BB-F7C20C6494B3}.Debug|Any CPU.Build.0 = Debug|Any CPU
		{60B3338B-871C-4824-B0BB-F7C20C6494B3}.Release|Any CPU.ActiveCfg = Release|Any CPU
		{60B3338B-871C-4824-B0BB-F7C20C6494B3}.Release|Any CPU.Build.0 = Release|Any CPU
		{EDC485F9-46F6-4C3A-A4E6-16703C802254}.Debug|Any CPU.ActiveCfg = Debug|Any CPU
		{EDC485F9-46F6-4C3A-A4E6-16703C802254}.Debug|Any CPU.Build.0 = Debug|Any CPU
		{EDC485F9-46F6-4C3A-A4E6-16703C802254}.Release|Any CPU.ActiveCfg = Release|Any CPU
		{EDC485F9-46F6-4C3A-A4E6-16703C802254}.Release|Any CPU.Build.0 = Release|Any CPU
		{749F3808-B5D7-4B37-ABD8-B4D16D7CDC5A}.Debug|Any CPU.ActiveCfg = Debug|Any CPU
		{749F3808-B5D7-4B37-ABD8-B4D16D7CDC5A}.Debug|Any CPU.Build.0 = Debug|Any CPU
		{749F3808-B5D7-4B37-ABD8-B4D16D7CDC5A}.Release|Any CPU.ActiveCfg = Release|Any CPU
		{749F3808-B5D7-4B37-ABD8-B4D16D7CDC5A}.Release|Any CPU.Build.0 = Release|Any CPU
	EndGlobalSection
	GlobalSection(SolutionProperties) = preSolution
		HideSolutionNode = FALSE
	EndGlobalSection
	GlobalSection(NestedProjects) = preSolution
		{80E62ED1-9143-4E1D-8F19-2CE600B402BF} = {3C195969-B0B7-4373-BEA7-99BB1127F749}
		{60B3338B-871C-4824-B0BB-F7C20C6494B3} = {CD29BBFD-154B-4966-BBBB-4585EFE1175C}
		{EDC485F9-46F6-4C3A-A4E6-16703C802254} = {CD29BBFD-154B-4966-BBBB-4585EFE1175C}
		{749F3808-B5D7-4B37-ABD8-B4D16D7CDC5A} = {3C195969-B0B7-4373-BEA7-99BB1127F749}
	EndGlobalSection
	GlobalSection(ExtensibilityGlobals) = postSolution
		SolutionGuid = {189CEC10-0BC2-4F74-B141-0321AFD6082A}
	EndGlobalSection
EndGlobal
